
Microsoft Visual Studio Solution File, Format Version 12.00
# Visual Studio Version 17
VisualStudioVersion = 17.7.34009.444
MinimumVisualStudioVersion = 10.0.40219.1
Project("{FAE04EC0-301F-11D3-BF4B-00C04F79EFBC}") = "Inventory", "Inventory\Inventory.csproj", "{AED7CEC7-FA18-4554-A260-0B9A87C37292}"
EndProject
Global
	GlobalSection(SolutionConfigurationPlatforms) = preSolution
		Debug|Any CPU = Debug|Any CPU
		Release|Any CPU = Release|Any CPU
	EndGlobalSection
	GlobalSection(ProjectConfigurationPlatforms) = postSolution
		{AED7CEC7-FA18-4554-A260-0B9A87C37292}.Debug|Any CPU.ActiveCfg = Debug|Any CPU
		{AED7CEC7-FA18-4554-A260-0B9A87C37292}.Debug|Any CPU.Build.0 = Debug|Any CPU
		{AED7CEC7-FA18-4554-A260-0B9A87C37292}.Release|Any CPU.ActiveCfg = Release|Any CPU
		{AED7CEC7-FA18-4554-A260-0B9A87C37292}.Release|Any CPU.Build.0 = Release|Any CPU
	EndGlobalSection
	GlobalSection(SolutionProperties) = preSolution
		HideSolutionNode = FALSE
	EndGlobalSection
	GlobalSection(ExtensibilityGlobals) = postSolution
		SolutionGuid = {0D477BE9-BC34-44A1-A1AA-F3E714375BD8}
	EndGlobalSection
EndGlobal
